
Microsoft Visual Studio Solution File, Format Version 12.00
# Visual Studio Version 16
VisualStudioVersion = 16.0.31702.278
MinimumVisualStudioVersion = 10.0.40219.1
Project("{159641D6-6404-4A2A-AE62-294DE0FE8301}") = "TTKD-10_DATH", "TTKD-10_DATH\TTKD-10_DATH.dtproj", "{CBFE313E-E5AD-4FC5-99F0-E28839F04F15}"
EndProject
Global
	GlobalSection(SolutionConfigurationPlatforms) = preSolution
		Development|Default = Development|Default
	EndGlobalSection
	GlobalSection(ProjectConfigurationPlatforms) = postSolution
		{CBFE313E-E5AD-4FC5-99F0-E28839F04F15}.Development|Default.ActiveCfg = Development
		{CBFE313E-E5AD-4FC5-99F0-E28839F04F15}.Development|Default.Build.0 = Development
	EndGlobalSection
	GlobalSection(SolutionProperties) = preSolution
		HideSolutionNode = FALSE
	EndGlobalSection
	GlobalSection(ExtensibilityGlobals) = postSolution
		SolutionGuid = {35CD2E53-E215-4A36-8E9A-648336DE6366}
	EndGlobalSection
EndGlobal
